
Microsoft Visual Studio Solution File, Format Version 12.00
# Visual Studio Version 16
VisualStudioVersion = 16.0.31911.196
MinimumVisualStudioVersion = 10.0.40219.1
Project("{FAE04EC0-301F-11D3-BF4B-00C04F79EFBC}") = "IntToBinary", "IntToBinary\IntToBinary.csproj", "{983C6D05-ACB2-458A-9A9A-D8639954CB38}"
EndProject
Global
	GlobalSection(SolutionConfigurationPlatforms) = preSolution
		Debug|Any CPU = Debug|Any CPU
		Release|Any CPU = Release|Any CPU
	EndGlobalSection
	GlobalSection(ProjectConfigurationPlatforms) = postSolution
		{983C6D05-ACB2-458A-9A9A-D8639954CB38}.Debug|Any CPU.ActiveCfg = Debug|Any CPU
		{983C6D05-ACB2-458A-9A9A-D8639954CB38}.Debug|Any CPU.Build.0 = Debug|Any CPU
		{983C6D05-ACB2-458A-9A9A-D8639954CB38}.Release|Any CPU.ActiveCfg = Release|Any CPU
		{983C6D05-ACB2-458A-9A9A-D8639954CB38}.Release|Any CPU.Build.0 = Release|Any CPU
	EndGlobalSection
	GlobalSection(SolutionProperties) = preSolution
		HideSolutionNode = FALSE
	EndGlobalSection
	GlobalSection(ExtensibilityGlobals) = postSolution
		SolutionGuid = {3200D327-BFB8-442D-BFC0-55E36546D077}
	EndGlobalSection
EndGlobal
